// !$*UTF8*$!
{
	archiveVersion = 1;
	classes = {
	};
	objectVersion = 55;
	objects = {

/* Begin PBXBuildFile section */
		62E6C9752847AB730085CE4E /* AppDelegate.swift in Sources */ = {isa = PBXBuildFile; fileRef = 62E6C9742847AB730085CE4E /* AppDelegate.swift */; };
		62E6C9772847AB730085CE4E /* SceneDelegate.swift in Sources */ = {isa = PBXBuildFile; fileRef = 62E6C9762847AB730085CE4E /* SceneDelegate.swift */; };
		62E6C9792847AB730085CE4E /* ViewController.swift in Sources */ = {isa = PBXBuildFile; fileRef = 62E6C9782847AB730085CE4E /* ViewController.swift */; };
		62E6C97C2847AB730085CE4E /* Main.storyboard in Resources */ = {isa = PBXBuildFile; fileRef = 62E6C97A2847AB730085CE4E /* Main.storyboard */; };
		62E6C97E2847AB740085CE4E /* Assets.xcassets in Resources */ = {isa = PBXBuildFile; fileRef = 62E6C97D2847AB740085CE4E /* Assets.xcassets */; };
		62E6C9812847AB740085CE4E /* LaunchScreen.storyboard in Resources */ = {isa = PBXBuildFile; fileRef = 62E6C97F2847AB740085CE4E /* LaunchScreen.storyboard */; };
		62E6C98A2847AB900085CE4E /* Vehicles.swift in Sources */ = {isa = PBXBuildFile; fileRef = 62E6C9892847AB900085CE4E /* Vehicles.swift */; };
		62E6C98C2847ABA80085CE4E /* VehicleData.swift in Sources */ = {isa = PBXBuildFile; fileRef = 62E6C98B2847ABA80085CE4E /* VehicleData.swift */; };
		62E6C98E2847ABD70085CE4E /* Included.swift in Sources */ = {isa = PBXBuildFile; fileRef = 62E6C98D2847ABD70085CE4E /* Included.swift */; };
		62E6C9912847AC010085CE4E /* NetworkManager.swift in Sources */ = {isa = PBXBuildFile; fileRef = 62E6C9902847AC010085CE4E /* NetworkManager.swift */; };
		62E6C9932847AD0C0085CE4E /* NetworkError.swift in Sources */ = {isa = PBXBuildFile; fileRef = 62E6C9922847AD0C0085CE4E /* NetworkError.swift */; };
		62E6C9962847DC020085CE4E /* VehiclesViewModel.swift in Sources */ = {isa = PBXBuildFile; fileRef = 62E6C9952847DC020085CE4E /* VehiclesViewModel.swift */; };
		62E6C9A42849482C0085CE4E /* CollectionViewCell.swift in Sources */ = {isa = PBXBuildFile; fileRef = 62E6C9A32849482C0085CE4E /* CollectionViewCell.swift */; };
/* End PBXBuildFile section */

/* Begin PBXFileReference section */
		62E6C9712847AB730085CE4E /* OutdoorsyWCombine.app */ = {isa = PBXFileReference; explicitFileType = wrapper.application; includeInIndex = 0; path = OutdoorsyWCombine.app; sourceTree = BUILT_PRODUCTS_DIR; };
		62E6C9742847AB730085CE4E /* AppDelegate.swift */ = {isa = PBXFileReference; lastKnownFileType = sourcecode.swift; path = AppDelegate.swift; sourceTree = "<group>"; };
		62E6C9762847AB730085CE4E /* SceneDelegate.swift */ = {isa = PBXFileReference; lastKnownFileType = sourcecode.swift; path = SceneDelegate.swift; sourceTree = "<group>"; };
		62E6C9782847AB730085CE4E /* ViewController.swift */ = {isa = PBXFileReference; lastKnownFileType = sourcecode.swift; path = ViewController.swift; sourceTree = "<group>"; };
		62E6C97B2847AB730085CE4E /* Base */ = {isa = PBXFileReference; lastKnownFileType = file.storyboard; name = Base; path = Base.lproj/Main.storyboard; sourceTree = "<group>"; };
		62E6C97D2847AB740085CE4E /* Assets.xcassets */ = {isa = PBXFileReference; lastKnownFileType = folder.assetcatalog; path = Assets.xcassets; sourceTree = "<group>"; };
		62E6C9802847AB740085CE4E /* Base */ = {isa = PBXFileReference; lastKnownFileType = file.storyboard; name = Base; path = Base.lproj/LaunchScreen.storyboard; sourceTree = "<group>"; };
		62E6C9822847AB740085CE4E /* Info.plist */ = {isa = PBXFileReference; lastKnownFileType = text.plist.xml; path = Info.plist; sourceTree = "<group>"; };
		62E6C9892847AB900085CE4E /* Vehicles.swift */ = {isa = PBXFileReference; lastKnownFileType = sourcecode.swift; path = Vehicles.swift; sourceTree = "<group>"; };
		62E6C98B2847ABA80085CE4E /* VehicleData.swift */ = {isa = PBXFileReference; lastKnownFileType = sourcecode.swift; path = VehicleData.swift; sourceTree = "<group>"; };
		62E6C98D2847ABD70085CE4E /* Included.swift */ = {isa = PBXFileReference; lastKnownFileType = sourcecode.swift; path = Included.swift; sourceTree = "<group>"; };
		62E6C9902847AC010085CE4E /* NetworkManager.swift */ = {isa = PBXFileReference; lastKnownFileType = sourcecode.swift; path = NetworkManager.swift; sourceTree = "<group>"; };
		62E6C9922847AD0C0085CE4E /* NetworkError.swift */ = {isa = PBXFileReference; lastKnownFileType = sourcecode.swift; path = NetworkError.swift; sourceTree = "<group>"; };
		62E6C9952847DC020085CE4E /* VehiclesViewModel.swift */ = {isa = PBXFileReference; lastKnownFileType = sourcecode.swift; path = VehiclesViewModel.swift; sourceTree = "<group>"; };
		62E6C9A32849482C0085CE4E /* CollectionViewCell.swift */ = {isa = PBXFileReference; lastKnownFileType = sourcecode.swift; path = CollectionViewCell.swift; sourceTree = "<group>"; };
/* End PBXFileReference section */

/* Begin PBXFrameworksBuildPhase section */
		62E6C96E2847AB730085CE4E /* Frameworks */ = {
			isa = PBXFrameworksBuildPhase;
			buildActionMask = 2147483647;
			files = (
			);
			runOnlyForDeploymentPostprocessing = 0;
		};
/* End PBXFrameworksBuildPhase section */

/* Begin PBXGroup section */
		62E6C9682847AB730085CE4E = {
			isa = PBXGroup;
			children = (
				62E6C9732847AB730085CE4E /* OutdoorsyWCombine */,
				62E6C9722847AB730085CE4E /* Products */,
			);
			sourceTree = "<group>";
		};
		62E6C9722847AB730085CE4E /* Products */ = {
			isa = PBXGroup;
			children = (
				62E6C9712847AB730085CE4E /* OutdoorsyWCombine.app */,
			);
			name = Products;
			sourceTree = "<group>";
		};
		62E6C9732847AB730085CE4E /* OutdoorsyWCombine */ = {
			isa = PBXGroup;
			children = (
				62E6C9972847E2000085CE4E /* View */,
				62E6C9942847DBEE0085CE4E /* ViewModel */,
				62E6C98F2847ABF00085CE4E /* NetworkManager */,
				62E6C9882847AB840085CE4E /* Model */,
				62E6C9742847AB730085CE4E /* AppDelegate.swift */,
				62E6C9762847AB730085CE4E /* SceneDelegate.swift */,
				62E6C97A2847AB730085CE4E /* Main.storyboard */,
				62E6C97D2847AB740085CE4E /* Assets.xcassets */,
				62E6C97F2847AB740085CE4E /* LaunchScreen.storyboard */,
				62E6C9822847AB740085CE4E /* Info.plist */,
			);
			path = OutdoorsyWCombine;
			sourceTree = "<group>";
		};
		62E6C9882847AB840085CE4E /* Model */ = {
			isa = PBXGroup;
			children = (
				62E6C9892847AB900085CE4E /* Vehicles.swift */,
				62E6C98B2847ABA80085CE4E /* VehicleData.swift */,
				62E6C98D2847ABD70085CE4E /* Included.swift */,
			);
			path = Model;
			sourceTree = "<group>";
		};
		62E6C98F2847ABF00085CE4E /* NetworkManager */ = {
			isa = PBXGroup;
			children = (
				62E6C9902847AC010085CE4E /* NetworkManager.swift */,
				62E6C9922847AD0C0085CE4E /* NetworkError.swift */,
			);
			path = NetworkManager;
			sourceTree = "<group>";
		};
		62E6C9942847DBEE0085CE4E /* ViewModel */ = {
			isa = PBXGroup;
			children = (
				62E6C9952847DC020085CE4E /* VehiclesViewModel.swift */,
			);
			path = ViewModel;
			sourceTree = "<group>";
		};
		62E6C9972847E2000085CE4E /* View */ = {
			isa = PBXGroup;
			children = (
				62E6C9782847AB730085CE4E /* ViewController.swift */,
				62E6C9A32849482C0085CE4E /* CollectionViewCell.swift */,
			);
			path = View;
			sourceTree = "<group>";
		};
/* End PBXGroup section */

/* Begin PBXNativeTarget section */
		62E6C9702847AB730085CE4E /* OutdoorsyWCombine */ = {
			isa = PBXNativeTarget;
			buildConfigurationList = 62E6C9852847AB740085CE4E /* Build configuration list for PBXNativeTarget "OutdoorsyWCombine" */;
			buildPhases = (
				62E6C96D2847AB730085CE4E /* Sources */,
				62E6C96E2847AB730085CE4E /* Frameworks */,
				62E6C96F2847AB730085CE4E /* Resources */,
			);
			buildRules = (
			);
			dependencies = (
			);
			name = OutdoorsyWCombine;
			productName = OutdoorsyWCombine;
			productReference = 62E6C9712847AB730085CE4E /* OutdoorsyWCombine.app */;
			productType = "com.apple.product-type.application";
		};
/* End PBXNativeTarget section */

/* Begin PBXProject section */
		62E6C9692847AB730085CE4E /* Project object */ = {
			isa = PBXProject;
			attributes = {
				BuildIndependentTargetsInParallel = 1;
				LastSwiftUpdateCheck = 1330;
				LastUpgradeCheck = 1330;
				TargetAttributes = {
					62E6C9702847AB730085CE4E = {
						CreatedOnToolsVersion = 13.3.1;
					};
				};
			};
			buildConfigurationList = 62E6C96C2847AB730085CE4E /* Build configuration list for PBXProject "OutdoorsyWCombine" */;
			compatibilityVersion = "Xcode 13.0";
			developmentRegion = en;
			hasScannedForEncodings = 0;
			knownRegions = (
				en,
				Base,
			);
			mainGroup = 62E6C9682847AB730085CE4E;
			productRefGroup = 62E6C9722847AB730085CE4E /* Products */;
			projectDirPath = "";
			projectRoot = "";
			targets = (
				62E6C9702847AB730085CE4E /* OutdoorsyWCombine */,
			);
		};
/* End PBXProject section */

/* Begin PBXResourcesBuildPhase section */
		62E6C96F2847AB730085CE4E /* Resources */ = {
			isa = PBXResourcesBuildPhase;
			buildActionMask = 2147483647;
			files = (
				62E6C9812847AB740085CE4E /* LaunchScreen.storyboard in Resources */,
				62E6C97E2847AB740085CE4E /* Assets.xcassets in Resources */,
				62E6C97C2847AB730085CE4E /* Main.storyboard in Resources */,
			);
			runOnlyForDeploymentPostprocessing = 0;
		};
/* End PBXResourcesBuildPhase section */

/* Begin PBXSourcesBuildPhase section */
		62E6C96D2847AB730085CE4E /* Sources */ = {
			isa = PBXSourcesBuildPhase;
			buildActionMask = 2147483647;
			files = (
				62E6C9A42849482C0085CE4E /* CollectionViewCell.swift in Sources */,
				62E6C98A2847AB900085CE4E /* Vehicles.swift in Sources */,
				62E6C9932847AD0C0085CE4E /* NetworkError.swift in Sources */,
				62E6C9962847DC020085CE4E /* VehiclesViewModel.swift in Sources */,
				62E6C98E2847ABD70085CE4E /* Included.swift in Sources */,
				62E6C9792847AB730085CE4E /* ViewController.swift in Sources */,
				62E6C9912847AC010085CE4E /* NetworkManager.swift in Sources */,
				62E6C9752847AB730085CE4E /* AppDelegate.swift in Sources */,
				62E6C9772847AB730085CE4E /* SceneDelegate.swift in Sources */,
				62E6C98C2847ABA80085CE4E /* VehicleData.swift in Sources */,
			);
			runOnlyForDeploymentPostprocessing = 0;
		};
/* End PBXSourcesBuildPhase section */

/* Begin PBXVariantGroup section */
		62E6C97A2847AB730085CE4E /* Main.storyboard */ = {
			isa = PBXVariantGroup;
			children = (
				62E6C97B2847AB730085CE4E /* Base */,
			);
			name = Main.storyboard;
			sourceTree = "<group>";
		};
		62E6C97F2847AB740085CE4E /* LaunchScreen.storyboard */ = {
			isa = PBXVariantGroup;
			children = (
				62E6C9802847AB740085CE4E /* Base */,
			);
			name = LaunchScreen.storyboard;
			sourceTree = "<group>";
		};
/* End PBXVariantGroup section */

/* Begin XCBuildConfiguration section */
		62E6C9832847AB740085CE4E /* Debug */ = {
			isa = XCBuildConfiguration;
			buildSettings = {
				ALWAYS_SEARCH_USER_PATHS = NO;
				CLANG_ANALYZER_NONNULL = YES;
				CLANG_ANALYZER_NUMBER_OBJECT_CONVERSION = YES_AGGRESSIVE;
				CLANG_CXX_LANGUAGE_STANDARD = "gnu++17";
				CLANG_ENABLE_MODULES = YES;
				CLANG_ENABLE_OBJC_ARC = YES;
				CLANG_ENABLE_OBJC_WEAK = YES;
				CLANG_WARN_BLOCK_CAPTURE_AUTORELEASING = YES;
				CLANG_WARN_BOOL_CONVERSION = YES;
				CLANG_WARN_COMMA = YES;
				CLANG_WARN_CONSTANT_CONVERSION = YES;
				CLANG_WARN_DEPRECATED_OBJC_IMPLEMENTATIONS = YES;
				CLANG_WARN_DIRECT_OBJC_ISA_USAGE = YES_ERROR;
				CLANG_WARN_DOCUMENTATION_COMMENTS = YES;
				CLANG_WARN_EMPTY_BODY = YES;
				CLANG_WARN_ENUM_CONVERSION = YES;
				CLANG_WARN_INFINITE_RECURSION = YES;
				CLANG_WARN_INT_CONVERSION = YES;
				CLANG_WARN_NON_LITERAL_NULL_CONVERSION = YES;
				CLANG_WARN_OBJC_IMPLICIT_RETAIN_SELF = YES;
				CLANG_WARN_OBJC_LITERAL_CONVERSION = YES;
				CLANG_WARN_OBJC_ROOT_CLASS = YES_ERROR;
				CLANG_WARN_QUOTED_INCLUDE_IN_FRAMEWORK_HEADER = YES;
				CLANG_WARN_RANGE_LOOP_ANALYSIS = YES;
				CLANG_WARN_STRICT_PROTOTYPES = YES;
				CLANG_WARN_SUSPICIOUS_MOVE = YES;
				CLANG_WARN_UNGUARDED_AVAILABILITY = YES_AGGRESSIVE;
				CLANG_WARN_UNREACHABLE_CODE = YES;
				CLANG_WARN__DUPLICATE_METHOD_MATCH = YES;
				COPY_PHASE_STRIP = NO;
				DEBUG_INFORMATION_FORMAT = dwarf;
				ENABLE_STRICT_OBJC_MSGSEND = YES;
				ENABLE_TESTABILITY = YES;
				GCC_C_LANGUAGE_STANDARD = gnu11;
				GCC_DYNAMIC_NO_PIC = NO;
				GCC_NO_COMMON_BLOCKS = YES;
				GCC_OPTIMIZATION_LEVEL = 0;
				GCC_PREPROCESSOR_DEFINITIONS = (
					"DEBUG=1",
					"$(inherited)",
				);
				GCC_WARN_64_TO_32_BIT_CONVERSION = YES;
				GCC_WARN_ABOUT_RETURN_TYPE = YES_ERROR;
				GCC_WARN_UNDECLARED_SELECTOR = YES;
				GCC_WARN_UNINITIALIZED_AUTOS = YES_AGGRESSIVE;
				GCC_WARN_UNUSED_FUNCTION = YES;
				GCC_WARN_UNUSED_VARIABLE = YES;
				IPHONEOS_DEPLOYMENT_TARGET = 15.4;
				MTL_ENABLE_DEBUG_INFO = INCLUDE_SOURCE;
				MTL_FAST_MATH = YES;
				ONLY_ACTIVE_ARCH = YES;
				SDKROOT = iphoneos;
				SWIFT_ACTIVE_COMPILATION_CONDITIONS = DEBUG;
				SWIFT_OPTIMIZATION_LEVEL = "-Onone";
			};
			name = Debug;
		};
		62E6C9842847AB740085CE4E /* Release */ = {
			isa = XCBuildConfiguration;
			buildSettings = {
				ALWAYS_SEARCH_USER_PATHS = NO;
				CLANG_ANALYZER_NONNULL = YES;
				CLANG_ANALYZER_NUMBER_OBJECT_CONVERSION = YES_AGGRESSIVE;
				CLANG_CXX_LANGUAGE_STANDARD = "gnu++17";
				CLANG_ENABLE_MODULES = YES;
				CLANG_ENABLE_OBJC_ARC = YES;
				CLANG_ENABLE_OBJC_WEAK = YES;
				CLANG_WARN_BLOCK_CAPTURE_AUTORELEASING = YES;
				CLANG_WARN_BOOL_CONVERSION = YES;
				CLANG_WARN_COMMA = YES;
				CLANG_WARN_CONSTANT_CONVERSION = YES;
				CLANG_WARN_DEPRECATED_OBJC_IMPLEMENTATIONS = YES;
				CLANG_WARN_DIRECT_OBJC_ISA_USAGE = YES_ERROR;
				CLANG_WARN_DOCUMENTATION_COMMENTS = YES;
				CLANG_WARN_EMPTY_BODY = YES;
				CLANG_WARN_ENUM_CONVERSION = YES;
				CLANG_WARN_INFINITE_RECURSION = YES;
				CLANG_WARN_INT_CONVERSION = YES;
				CLANG_WARN_NON_LITERAL_NULL_CONVERSION = YES;
				CLANG_WARN_OBJC_IMPLICIT_RETAIN_SELF = YES;
				CLANG_WARN_OBJC_LITERAL_CONVERSION = YES;
				CLANG_WARN_OBJC_ROOT_CLASS = YES_ERROR;
				CLANG_WARN_QUOTED_INCLUDE_IN_FRAMEWORK_HEADER = YES;
				CLANG_WARN_RANGE_LOOP_ANALYSIS = YES;
				CLANG_WARN_STRICT_PROTOTYPES = YES;
				CLANG_WARN_SUSPICIOUS_MOVE = YES;
				CLANG_WARN_UNGUARDED_AVAILABILITY = YES_AGGRESSIVE;
				CLANG_WARN_UNREACHABLE_CODE = YES;
				CLANG_WARN__DUPLICATE_METHOD_MATCH = YES;
				COPY_PHASE_STRIP = NO;
				DEBUG_INFORMATION_FORMAT = "dwarf-with-dsym";
				ENABLE_NS_ASSERTIONS = NO;
				ENABLE_STRICT_OBJC_MSGSEND = YES;
				GCC_C_LANGUAGE_STANDARD = gnu11;
				GCC_NO_COMMON_BLOCKS = YES;
				GCC_WARN_64_TO_32_BIT_CONVERSION = YES;
				GCC_WARN_ABOUT_RETURN_TYPE = YES_ERROR;
				GCC_WARN_UNDECLARED_SELECTOR = YES;
				GCC_WARN_UNINITIALIZED_AUTOS = YES_AGGRESSIVE;
				GCC_WARN_UNUSED_FUNCTION = YES;
				GCC_WARN_UNUSED_VARIABLE = YES;
				IPHONEOS_DEPLOYMENT_TARGET = 15.4;
				MTL_ENABLE_DEBUG_INFO = NO;
				MTL_FAST_MATH = YES;
				SDKROOT = iphoneos;
				SWIFT_COMPILATION_MODE = wholemodule;
				SWIFT_OPTIMIZATION_LEVEL = "-O";
				VALIDATE_PRODUCT = YES;
			};
			name = Release;
		};
		62E6C9862847AB740085CE4E /* Debug */ = {
			isa = XCBuildConfiguration;
			buildSettings = {
				ASSETCATALOG_COMPILER_APPICON_NAME = AppIcon;
				ASSETCATALOG_COMPILER_GLOBAL_ACCENT_COLOR_NAME = AccentColor;
				CODE_SIGN_STYLE = Automatic;
				CURRENT_PROJECT_VERSION = 1;
				DEVELOPMENT_TEAM = 9RX5VUTPWS;
				GENERATE_INFOPLIST_FILE = YES;
				INFOPLIST_FILE = OutdoorsyWCombine/Info.plist;
				INFOPLIST_KEY_UIApplicationSupportsIndirectInputEvents = YES;
				INFOPLIST_KEY_UILaunchStoryboardName = LaunchScreen;
				INFOPLIST_KEY_UIMainStoryboardFile = Main;
				INFOPLIST_KEY_UISupportedInterfaceOrientations_iPad = "UIInterfaceOrientationPortrait UIInterfaceOrientationPortraitUpsideDown UIInterfaceOrientationLandscapeLeft UIInterfaceOrientationLandscapeRight";
				INFOPLIST_KEY_UISupportedInterfaceOrientations_iPhone = "UIInterfaceOrientationPortrait UIInterfaceOrientationLandscapeLeft UIInterfaceOrientationLandscapeRight";
				LD_RUNPATH_SEARCH_PATHS = (
					"$(inherited)",
					"@executable_path/Frameworks",
				);
				MARKETING_VERSION = 1.0;
				PRODUCT_BUNDLE_IDENTIFIER = com.feyzatopgul.OutdoorsyWCombine;
				PRODUCT_NAME = "$(TARGET_NAME)";
				SWIFT_EMIT_LOC_STRINGS = YES;
				SWIFT_VERSION = 5.0;
				TARGETED_DEVICE_FAMILY = "1,2";
			};
			name = Debug;
		};
		62E6C9872847AB740085CE4E /* Release */ = {
			isa = XCBuildConfiguration;
			buildSettings = {
				ASSETCATALOG_COMPILER_APPICON_NAME = AppIcon;
				ASSETCATALOG_COMPILER_GLOBAL_ACCENT_COLOR_NAME = AccentColor;
				CODE_SIGN_STYLE = Automatic;
				CURRENT_PROJECT_VERSION = 1;
				DEVELOPMENT_TEAM = 9RX5VUTPWS;
				GENERATE_INFOPLIST_FILE = YES;
				INFOPLIST_FILE = OutdoorsyWCombine/Info.plist;
				INFOPLIST_KEY_UIApplicationSupportsIndirectInputEvents = YES;
				INFOPLIST_KEY_UILaunchStoryboardName = LaunchScreen;
				INFOPLIST_KEY_UIMainStoryboardFile = Main;
				INFOPLIST_KEY_UISupportedInterfaceOrientations_iPad = "UIInterfaceOrientationPortrait UIInterfaceOrientationPortraitUpsideDown UIInterfaceOrientationLandscapeLeft UIInterfaceOrientationLandscapeRight";
				INFOPLIST_KEY_UISupportedInterfaceOrientations_iPhone = "UIInterfaceOrientationPortrait UIInterfaceOrientationLandscapeLeft UIInterfaceOrientationLandscapeRight";
				LD_RUNPATH_SEARCH_PATHS = (
					"$(inherited)",
					"@executable_path/Frameworks",
				);
				MARKETING_VERSION = 1.0;
				PRODUCT_BUNDLE_IDENTIFIER = com.feyzatopgul.OutdoorsyWCombine;
				PRODUCT_NAME = "$(TARGET_NAME)";
				SWIFT_EMIT_LOC_STRINGS = YES;
				SWIFT_VERSION = 5.0;
				TARGETED_DEVICE_FAMILY = "1,2";
			};
			name = Release;
		};
/* End XCBuildConfiguration section */

/* Begin XCConfigurationList section */
		62E6C96C2847AB730085CE4E /* Build configuration list for PBXProject "OutdoorsyWCombine" */ = {
			isa = XCConfigurationList;
			buildConfigurations = (
				62E6C9832847AB740085CE4E /* Debug */,
				62E6C9842847AB740085CE4E /* Release */,
			);
			defaultConfigurationIsVisible = 0;
			defaultConfigurationName = Release;
		};
		62E6C9852847AB740085CE4E /* Build configuration list for PBXNativeTarget "OutdoorsyWCombine" */ = {
			isa = XCConfigurationList;
			buildConfigurations = (
				62E6C9862847AB740085CE4E /* Debug */,
				62E6C9872847AB740085CE4E /* Release */,
			);
			defaultConfigurationIsVisible = 0;
			defaultConfigurationName = Release;
		};
/* End XCConfigurationList section */
	};
	rootObject = 62E6C9692847AB730085CE4E /* Project object */;
}
